
Microsoft Visual Studio Solution File, Format Version 12.00
# Visual Studio Version 17
VisualStudioVersion = 17.14.36623.8
MinimumVisualStudioVersion = 10.0.40219.1
Project("{FAE04EC0-301F-11D3-BF4B-00C04F79EFBC}") = "Core", "Core\Core.csproj", "{3F502835-A6CA-12EF-27A6-8E5BB84CEF21}"
EndProject
Project("{FAE04EC0-301F-11D3-BF4B-00C04F79EFBC}") = "Presentation", "Presentation\Presentation.csproj", "{E4F40ECD-6B02-7FC5-5A2B-56EC3BE1CBB3}"
EndProject
Project("{FAE04EC0-301F-11D3-BF4B-00C04F79EFBC}") = "Tests", "Tests\Tests.csproj", "{415FE915-A968-0F4A-7FE7-0CD376FEDDB2}"
EndProject
Global
	GlobalSection(SolutionConfigurationPlatforms) = preSolution
		Debug|Any CPU = Debug|Any CPU
		Release|Any CPU = Release|Any CPU
	EndGlobalSection
	GlobalSection(ProjectConfigurationPlatforms) = postSolution
		{3F502835-A6CA-12EF-27A6-8E5BB84CEF21}.Debug|Any CPU.ActiveCfg = Debug|Any CPU
		{3F502835-A6CA-12EF-27A6-8E5BB84CEF21}.Debug|Any CPU.Build.0 = Debug|Any CPU
		{3F502835-A6CA-12EF-27A6-8E5BB84CEF21}.Release|Any CPU.ActiveCfg = Release|Any CPU
		{3F502835-A6CA-12EF-27A6-8E5BB84CEF21}.Release|Any CPU.Build.0 = Release|Any CPU
		{E4F40ECD-6B02-7FC5-5A2B-56EC3BE1CBB3}.Debug|Any CPU.ActiveCfg = Debug|Any CPU
		{E4F40ECD-6B02-7FC5-5A2B-56EC3BE1CBB3}.Debug|Any CPU.Build.0 = Debug|Any CPU
		{E4F40ECD-6B02-7FC5-5A2B-56EC3BE1CBB3}.Release|Any CPU.ActiveCfg = Release|Any CPU
		{E4F40ECD-6B02-7FC5-5A2B-56EC3BE1CBB3}.Release|Any CPU.Build.0 = Release|Any CPU
		{415FE915-A968-0F4A-7FE7-0CD376FEDDB2}.Debug|Any CPU.ActiveCfg = Debug|Any CPU
		{415FE915-A968-0F4A-7FE7-0CD376FEDDB2}.Debug|Any CPU.Build.0 = Debug|Any CPU
		{415FE915-A968-0F4A-7FE7-0CD376FEDDB2}.Release|Any CPU.ActiveCfg = Release|Any CPU
		{415FE915-A968-0F4A-7FE7-0CD376FEDDB2}.Release|Any CPU.Build.0 = Release|Any CPU
	EndGlobalSection
	GlobalSection(SolutionProperties) = preSolution
		HideSolutionNode = FALSE
	EndGlobalSection
	GlobalSection(ExtensibilityGlobals) = postSolution
		SolutionGuid = {5A4685F6-2D56-4DE7-954C-9440B52A1FB5}
	EndGlobalSection
EndGlobal
